
Microsoft Visual Studio Solution File, Format Version 12.00
# Visual Studio Version 16
VisualStudioVersion = 16.0.31702.278
MinimumVisualStudioVersion = 10.0.40219.1
Project("{9A19103F-16F7-4668-BE54-9A1E7A4F7556}") = "SupplyOrdersServiceCore", "SupplyOrdersServiceCore\SupplyOrdersServiceCore.csproj", "{EB203930-0955-4AF0-B0EC-E63C64B246BA}"
EndProject
Project("{9A19103F-16F7-4668-BE54-9A1E7A4F7556}") = "SupplyOrdersServiceCore_Tests", "SupplyOrdersServiceCore_Tests\SupplyOrdersServiceCore_Tests.csproj", "{00FE3D53-9275-474C-9380-C795105E10FD}"
EndProject
Project("{9A19103F-16F7-4668-BE54-9A1E7A4F7556}") = "DatabaseCreator", "DatabaseCreator\DatabaseCreator.csproj", "{4BF179F9-8FA9-426C-945B-A88D6DE5A7F3}"
EndProject
Project("{FAE04EC0-301F-11D3-BF4B-00C04F79EFBC}") = "SupplyOrdersServiceCore.Domain", "SupplyOrdersServiceCore.Domain\SupplyOrdersServiceCore.Domain.csproj", "{315B13FD-4A04-4B67-AD2E-1DC5302DB3BD}"
EndProject
Global
	GlobalSection(SolutionConfigurationPlatforms) = preSolution
		Debug|Any CPU = Debug|Any CPU
		Release|Any CPU = Release|Any CPU
	EndGlobalSection
	GlobalSection(ProjectConfigurationPlatforms) = postSolution
		{EB203930-0955-4AF0-B0EC-E63C64B246BA}.Debug|Any CPU.ActiveCfg = Debug|Any CPU
		{EB203930-0955-4AF0-B0EC-E63C64B246BA}.Debug|Any CPU.Build.0 = Debug|Any CPU
		{EB203930-0955-4AF0-B0EC-E63C64B246BA}.Release|Any CPU.ActiveCfg = Release|Any CPU
		{EB203930-0955-4AF0-B0EC-E63C64B246BA}.Release|Any CPU.Build.0 = Release|Any CPU
		{00FE3D53-9275-474C-9380-C795105E10FD}.Debug|Any CPU.ActiveCfg = Debug|Any CPU
		{00FE3D53-9275-474C-9380-C795105E10FD}.Debug|Any CPU.Build.0 = Debug|Any CPU
		{00FE3D53-9275-474C-9380-C795105E10FD}.Release|Any CPU.ActiveCfg = Release|Any CPU
		{00FE3D53-9275-474C-9380-C795105E10FD}.Release|Any CPU.Build.0 = Release|Any CPU
		{4BF179F9-8FA9-426C-945B-A88D6DE5A7F3}.Debug|Any CPU.ActiveCfg = Debug|Any CPU
		{4BF179F9-8FA9-426C-945B-A88D6DE5A7F3}.Debug|Any CPU.Build.0 = Debug|Any CPU
		{4BF179F9-8FA9-426C-945B-A88D6DE5A7F3}.Release|Any CPU.ActiveCfg = Release|Any CPU
		{4BF179F9-8FA9-426C-945B-A88D6DE5A7F3}.Release|Any CPU.Build.0 = Release|Any CPU
		{315B13FD-4A04-4B67-AD2E-1DC5302DB3BD}.Debug|Any CPU.ActiveCfg = Debug|Any CPU
		{315B13FD-4A04-4B67-AD2E-1DC5302DB3BD}.Debug|Any CPU.Build.0 = Debug|Any CPU
		{315B13FD-4A04-4B67-AD2E-1DC5302DB3BD}.Release|Any CPU.ActiveCfg = Release|Any CPU
		{315B13FD-4A04-4B67-AD2E-1DC5302DB3BD}.Release|Any CPU.Build.0 = Release|Any CPU
	EndGlobalSection
	GlobalSection(SolutionProperties) = preSolution
		HideSolutionNode = FALSE
	EndGlobalSection
	GlobalSection(ExtensibilityGlobals) = postSolution
		SolutionGuid = {81828C04-F4A5-4A32-AD8E-0684127FED45}
	EndGlobalSection
EndGlobal
